
Microsoft Visual Studio Solution File, Format Version 11.00
# Visual Studio 2010
Project("{FAE04EC0-301F-11D3-BF4B-00C04F79EFBC}") = "trace", "..\trace\trace.csproj", "{D1102D1E-7ACE-4A81-96B8-36DA8F5D65BC}"
	ProjectSection(ProjectDependencies) = postProject
		{2BDE3A15-0C09-470D-92FD-4AAEF7B6C6E2} = {2BDE3A15-0C09-470D-92FD-4AAEF7B6C6E2}
		{4D4611C4-EDEA-4F57-AD84-774C9BB946D2} = {4D4611C4-EDEA-4F57-AD84-774C9BB946D2}
	EndProjectSection
EndProject
Project("{FAE04EC0-301F-11D3-BF4B-00C04F79EFBC}") = "CoApp.Toolkit", "..\toolkit\CoApp.Toolkit.csproj", "{8B7E0D2F-6CA0-4E5E-BF52-1E4BDB132BBC}"
EndProject
Project("{8BC9CEB8-8B4A-11D0-8D11-00A0C91BC942}") = "detours", "..\managed-detours\detours.vcxproj", "{2BDE3A15-0C09-470D-92FD-4AAEF7B6C6E2}"
	ProjectSection(ProjectDependencies) = postProject
		{4D4611C4-EDEA-4F57-AD84-774C9BB946D2} = {4D4611C4-EDEA-4F57-AD84-774C9BB946D2}
	EndProjectSection
EndProject
Project("{8BC9CEB8-8B4A-11D0-8D11-00A0C91BC942}") = "detoured", "..\managed-detours\detoured.vcxproj", "{4D4611C4-EDEA-4F57-AD84-774C9BB946D2}"
EndProject
Project("{FAE04EC0-301F-11D3-BF4B-00C04F79EFBC}") = "trace-x86", "..\trace\trace-x86.csproj", "{E0F8AFB8-56F1-487C-BF20-89E03BDA517C}"
EndProject
Project("{FAE04EC0-301F-11D3-BF4B-00C04F79EFBC}") = "trace-x64", "..\trace\trace-x64.csproj", "{99256BA6-AF02-4B94-885F-827CFB61610B}"
	ProjectSection(ProjectDependencies) = postProject
		{E0F8AFB8-56F1-487C-BF20-89E03BDA517C} = {E0F8AFB8-56F1-487C-BF20-89E03BDA517C}
	EndProjectSection
EndProject
Project("{FAE04EC0-301F-11D3-BF4B-00C04F79EFBC}") = "Cli", "..\cli\Cli.csproj", "{0EB44E9E-2674-4C0E-AE3F-E9071F45A765}"
	ProjectSection(ProjectDependencies) = postProject
		{C0A44000-B786-43FE-B14F-AB411403B499} = {C0A44000-B786-43FE-B14F-AB411403B499}
		{D1102D1E-7ACE-4A81-96B8-36DA12310001} = {D1102D1E-7ACE-4A81-96B8-36DA12310001}
		{D1102D1E-7ACE-4A81-96B8-36DA8F5D65BC} = {D1102D1E-7ACE-4A81-96B8-36DA8F5D65BC}
		{8B7E0D2F-6CA0-4E5E-BF52-1E4BDB132BBC} = {8B7E0D2F-6CA0-4E5E-BF52-1E4BDB132BBC}
		{8D2A182F-A781-482F-8C65-3B0D638FF700} = {8D2A182F-A781-482F-8C65-3B0D638FF700}
		{B2C3433E-931E-4D52-848E-A178B16E954C} = {B2C3433E-931E-4D52-848E-A178B16E954C}
		{5E958A69-637E-4807-8DCE-5DDA6B254AFE} = {5E958A69-637E-4807-8DCE-5DDA6B254AFE}
		{BDC4A28C-B786-43FE-B14F-AB411403B49B} = {BDC4A28C-B786-43FE-B14F-AB411403B49B}
		{24200A95-ABD9-4301-B54B-3A94FC9AD509} = {24200A95-ABD9-4301-B54B-3A94FC9AD509}
		{201258A6-4FB1-4448-BBC0-37D2A8967916} = {201258A6-4FB1-4448-BBC0-37D2A8967916}
		{99256BA6-AF02-4B94-885F-827CFB61610B} = {99256BA6-AF02-4B94-885F-827CFB61610B}
		{8E2605A9-54DF-4E63-ABA8-27D5C03DAC09} = {8E2605A9-54DF-4E63-ABA8-27D5C03DAC09}
		{068134AB-30BD-4C0A-B842-1309236C79C8} = {068134AB-30BD-4C0A-B842-1309236C79C8}
		{E0F8AFB8-56F1-487C-BF20-89E03BDA517C} = {E0F8AFB8-56F1-487C-BF20-89E03BDA517C}
		{E00135E3-1811-4A63-889E-3DEC70A7FB8F} = {E00135E3-1811-4A63-889E-3DEC70A7FB8F}
	EndProjectSection
EndProject
Project("{FAE04EC0-301F-11D3-BF4B-00C04F79EFBC}") = "CoApp.Toolkit.Engine", "..\toolkit\CoApp.Toolkit.Engine.csproj", "{CC917E10-0068-4E91-8D3D-76CB446F7E43}"
EndProject
Project("{FAE04EC0-301F-11D3-BF4B-00C04F79EFBC}") = "Scan", "..\scan\Scan.csproj", "{5E958A69-637E-4807-8DCE-5DDA6B254AFE}"
EndProject
Project("{FAE04EC0-301F-11D3-BF4B-00C04F79EFBC}") = "mkProject", "..\mkProject\mkProject.csproj", "{BDC4A28C-B786-43FE-B14F-AB411403B49B}"
EndProject
Project("{FAE04EC0-301F-11D3-BF4B-00C04F79EFBC}") = "mkSpec", "..\mkSpec\mkSpec.csproj", "{068134AB-30BD-4C0A-B842-1309236C79C8}"
EndProject
Project("{FAE04EC0-301F-11D3-BF4B-00C04F79EFBC}") = "testpackagemaker", "..\testpackagemaker\testpackagemaker.csproj", "{24200A95-ABD9-4301-B54B-3A94FC9AD509}"
EndProject
Project("{FAE04EC0-301F-11D3-BF4B-00C04F79EFBC}") = "DllExport", "..\DllExport\DllExport.csproj", "{201258A6-4FB1-4448-BBC0-37D2A8967916}"
EndProject
Project("{FAE04EC0-301F-11D3-BF4B-00C04F79EFBC}") = "QuickTool", "..\QuickTool\QuickTool.csproj", "{8E2605A9-54DF-4E63-ABA8-27D5C03DAC09}"
EndProject
Project("{FAE04EC0-301F-11D3-BF4B-00C04F79EFBC}") = "simplesigner", "..\simplesigner\simplesigner.csproj", "{B2C3433E-931E-4D52-848E-A178B16E954C}"
EndProject
Project("{FAE04EC0-301F-11D3-BF4B-00C04F79EFBC}") = "Mini-installer", "..\mini-installer\Mini-installer.csproj", "{E00135E3-1811-4A63-889E-3DEC70A7FB8F}"
EndProject
Project("{FAE04EC0-301F-11D3-BF4B-00C04F79EFBC}") = "CoAppInstaller", "..\installer-proxy\CoAppInstaller.csproj", "{8D2A182F-A781-482F-8C65-3B0D638FF700}"
	ProjectSection(ProjectDependencies) = postProject
		{B2C3433E-931E-4D52-848E-A178B16E954C} = {B2C3433E-931E-4D52-848E-A178B16E954C}
	EndProjectSection
EndProject
Project("{8BC9CEB8-8B4A-11D0-8D11-00A0C91BC942}") = "bootstrap", "..\bootstrap\bootstrap.vcxproj", "{7CA121E2-DA8A-4318-92FA-14101826F04C}"
	ProjectSection(ProjectDependencies) = postProject
		{8B7E0D2F-6CA0-4E5E-BF52-1E4BDB132BBC} = {8B7E0D2F-6CA0-4E5E-BF52-1E4BDB132BBC}
		{B2C3433E-931E-4D52-848E-A178B16E954C} = {B2C3433E-931E-4D52-848E-A178B16E954C}
	EndProjectSection
EndProject
Project("{FAE04EC0-301F-11D3-BF4B-00C04F79EFBC}") = "autopackage", "..\autopackage\autopackage.csproj", "{D1102D1E-7ACE-4A81-96B8-36DA12310001}"
EndProject
Project("{FAE04EC0-301F-11D3-BF4B-00C04F79EFBC}") = "ptk", "..\ptk\ptk.csproj", "{C0A44000-B786-43FE-B14F-AB411403B499}"
EndProject
Project("{FAE04EC0-301F-11D3-BF4B-00C04F79EFBC}") = "CoApp.Toolkit.AzureFS", "..\toolkit\CoApp.Toolkit.AzureFS.csproj", "{A126ABBC-9199-432E-9714-4A1BEF84EE89}"
	ProjectSection(ProjectDependencies) = postProject
		{201258A6-4FB1-4448-BBC0-37D2A8967916} = {201258A6-4FB1-4448-BBC0-37D2A8967916}
	EndProjectSection
EndProject
Project("{FAE04EC0-301F-11D3-BF4B-00C04F79EFBC}") = "AzureSyncbox", "..\AzureSyncbox\AzureSyncbox.csproj", "{93838A7A-B28C-4A83-BB75-E9B25471E4AF}"
EndProject
Project("{FAE04EC0-301F-11D3-BF4B-00C04F79EFBC}") = "CoApp.Toolkit.Debug", "..\toolkit\CoApp.Toolkit.Debug.csproj", "{A126ABBC-9199-4096-9714-4A1BEF84EE89}"
EndProject
Project("{FAE04EC0-301F-11D3-BF4B-00C04F79EFBC}") = "AnyGen", "..\AnyGen\AnyGen.csproj", "{BB3FBD31-1E35-4FFA-8DEE-695A7FE3AA7A}"
EndProject
Project("{FAE04EC0-301F-11D3-BF4B-00C04F79EFBC}") = "ToolScanner", "..\ToolScanner\ToolScanner.csproj", "{FB140878-E3E6-41A9-B4F5-7AEF4D624E85}"
EndProject
Global
	GlobalSection(SolutionConfigurationPlatforms) = preSolution
		Debug|Any CPU = Debug|Any CPU
		Release|Any CPU = Release|Any CPU
		Test|Any CPU = Test|Any CPU
	EndGlobalSection
	GlobalSection(ProjectConfigurationPlatforms) = postSolution
		{D1102D1E-7ACE-4A81-96B8-36DA8F5D65BC}.Debug|Any CPU.ActiveCfg = Debug|Any CPU
		{D1102D1E-7ACE-4A81-96B8-36DA8F5D65BC}.Debug|Any CPU.Build.0 = Debug|Any CPU
		{D1102D1E-7ACE-4A81-96B8-36DA8F5D65BC}.Release|Any CPU.ActiveCfg = Release|Any CPU
		{D1102D1E-7ACE-4A81-96B8-36DA8F5D65BC}.Release|Any CPU.Build.0 = Release|Any CPU
		{D1102D1E-7ACE-4A81-96B8-36DA8F5D65BC}.Test|Any CPU.ActiveCfg = Release|Any CPU
		{8B7E0D2F-6CA0-4E5E-BF52-1E4BDB132BBC}.Debug|Any CPU.ActiveCfg = Debug|Any CPU
		{8B7E0D2F-6CA0-4E5E-BF52-1E4BDB132BBC}.Debug|Any CPU.Build.0 = Debug|Any CPU
		{8B7E0D2F-6CA0-4E5E-BF52-1E4BDB132BBC}.Release|Any CPU.ActiveCfg = Release|Any CPU
		{8B7E0D2F-6CA0-4E5E-BF52-1E4BDB132BBC}.Release|Any CPU.Build.0 = Release|Any CPU
		{8B7E0D2F-6CA0-4E5E-BF52-1E4BDB132BBC}.Test|Any CPU.ActiveCfg = Test|Any CPU
		{8B7E0D2F-6CA0-4E5E-BF52-1E4BDB132BBC}.Test|Any CPU.Build.0 = Test|Any CPU
		{2BDE3A15-0C09-470D-92FD-4AAEF7B6C6E2}.Debug|Any CPU.ActiveCfg = Debug|x64
		{2BDE3A15-0C09-470D-92FD-4AAEF7B6C6E2}.Release|Any CPU.ActiveCfg = Release|x64
		{2BDE3A15-0C09-470D-92FD-4AAEF7B6C6E2}.Test|Any CPU.ActiveCfg = Release|x64
		{4D4611C4-EDEA-4F57-AD84-774C9BB946D2}.Debug|Any CPU.ActiveCfg = Debug|x64
		{4D4611C4-EDEA-4F57-AD84-774C9BB946D2}.Release|Any CPU.ActiveCfg = Release|x64
		{4D4611C4-EDEA-4F57-AD84-774C9BB946D2}.Test|Any CPU.ActiveCfg = Release|x64
		{E0F8AFB8-56F1-487C-BF20-89E03BDA517C}.Debug|Any CPU.ActiveCfg = Debug|x86
		{E0F8AFB8-56F1-487C-BF20-89E03BDA517C}.Debug|Any CPU.Build.0 = Debug|x86
		{E0F8AFB8-56F1-487C-BF20-89E03BDA517C}.Release|Any CPU.ActiveCfg = Release|x86
		{E0F8AFB8-56F1-487C-BF20-89E03BDA517C}.Release|Any CPU.Build.0 = Release|x86
		{E0F8AFB8-56F1-487C-BF20-89E03BDA517C}.Test|Any CPU.ActiveCfg = Release|x86
		{99256BA6-AF02-4B94-885F-827CFB61610B}.Debug|Any CPU.ActiveCfg = Debug|x64
		{99256BA6-AF02-4B94-885F-827CFB61610B}.Debug|Any CPU.Build.0 = Debug|x64
		{99256BA6-AF02-4B94-885F-827CFB61610B}.Release|Any CPU.ActiveCfg = Release|x64
		{99256BA6-AF02-4B94-885F-827CFB61610B}.Release|Any CPU.Build.0 = Release|x64
		{99256BA6-AF02-4B94-885F-827CFB61610B}.Test|Any CPU.ActiveCfg = Release|x64
		{0EB44E9E-2674-4C0E-AE3F-E9071F45A765}.Debug|Any CPU.ActiveCfg = Debug|Any CPU
		{0EB44E9E-2674-4C0E-AE3F-E9071F45A765}.Debug|Any CPU.Build.0 = Debug|Any CPU
		{0EB44E9E-2674-4C0E-AE3F-E9071F45A765}.Release|Any CPU.ActiveCfg = Release|Any CPU
		{0EB44E9E-2674-4C0E-AE3F-E9071F45A765}.Release|Any CPU.Build.0 = Release|Any CPU
		{0EB44E9E-2674-4C0E-AE3F-E9071F45A765}.Test|Any CPU.ActiveCfg = Test|Any CPU
		{0EB44E9E-2674-4C0E-AE3F-E9071F45A765}.Test|Any CPU.Build.0 = Test|Any CPU
		{CC917E10-0068-4E91-8D3D-76CB446F7E43}.Debug|Any CPU.ActiveCfg = Debug|Any CPU
		{CC917E10-0068-4E91-8D3D-76CB446F7E43}.Debug|Any CPU.Build.0 = Debug|Any CPU
		{CC917E10-0068-4E91-8D3D-76CB446F7E43}.Release|Any CPU.ActiveCfg = Release|Any CPU
		{CC917E10-0068-4E91-8D3D-76CB446F7E43}.Release|Any CPU.Build.0 = Release|Any CPU
		{CC917E10-0068-4E91-8D3D-76CB446F7E43}.Test|Any CPU.ActiveCfg = Test|Any CPU
		{CC917E10-0068-4E91-8D3D-76CB446F7E43}.Test|Any CPU.Build.0 = Test|Any CPU
		{5E958A69-637E-4807-8DCE-5DDA6B254AFE}.Debug|Any CPU.ActiveCfg = Debug|Any CPU
		{5E958A69-637E-4807-8DCE-5DDA6B254AFE}.Debug|Any CPU.Build.0 = Debug|Any CPU
		{5E958A69-637E-4807-8DCE-5DDA6B254AFE}.Release|Any CPU.ActiveCfg = Release|Any CPU
		{5E958A69-637E-4807-8DCE-5DDA6B254AFE}.Release|Any CPU.Build.0 = Release|Any CPU
		{5E958A69-637E-4807-8DCE-5DDA6B254AFE}.Test|Any CPU.ActiveCfg = Test|Any CPU
		{5E958A69-637E-4807-8DCE-5DDA6B254AFE}.Test|Any CPU.Build.0 = Test|Any CPU
		{BDC4A28C-B786-43FE-B14F-AB411403B49B}.Debug|Any CPU.ActiveCfg = Debug|Any CPU
		{BDC4A28C-B786-43FE-B14F-AB411403B49B}.Debug|Any CPU.Build.0 = Debug|Any CPU
		{BDC4A28C-B786-43FE-B14F-AB411403B49B}.Release|Any CPU.ActiveCfg = Release|Any CPU
		{BDC4A28C-B786-43FE-B14F-AB411403B49B}.Release|Any CPU.Build.0 = Release|Any CPU
		{BDC4A28C-B786-43FE-B14F-AB411403B49B}.Test|Any CPU.ActiveCfg = Test|Any CPU
		{BDC4A28C-B786-43FE-B14F-AB411403B49B}.Test|Any CPU.Build.0 = Test|Any CPU
		{068134AB-30BD-4C0A-B842-1309236C79C8}.Debug|Any CPU.ActiveCfg = Debug|Any CPU
		{068134AB-30BD-4C0A-B842-1309236C79C8}.Debug|Any CPU.Build.0 = Debug|Any CPU
		{068134AB-30BD-4C0A-B842-1309236C79C8}.Release|Any CPU.ActiveCfg = Release|Any CPU
		{068134AB-30BD-4C0A-B842-1309236C79C8}.Release|Any CPU.Build.0 = Release|Any CPU
		{068134AB-30BD-4C0A-B842-1309236C79C8}.Test|Any CPU.ActiveCfg = Test|Any CPU
		{068134AB-30BD-4C0A-B842-1309236C79C8}.Test|Any CPU.Build.0 = Test|Any CPU
		{24200A95-ABD9-4301-B54B-3A94FC9AD509}.Debug|Any CPU.ActiveCfg = Debug|Any CPU
		{24200A95-ABD9-4301-B54B-3A94FC9AD509}.Debug|Any CPU.Build.0 = Debug|Any CPU
		{24200A95-ABD9-4301-B54B-3A94FC9AD509}.Release|Any CPU.ActiveCfg = Release|Any CPU
		{24200A95-ABD9-4301-B54B-3A94FC9AD509}.Release|Any CPU.Build.0 = Release|Any CPU
		{24200A95-ABD9-4301-B54B-3A94FC9AD509}.Test|Any CPU.ActiveCfg = Test|Any CPU
		{24200A95-ABD9-4301-B54B-3A94FC9AD509}.Test|Any CPU.Build.0 = Test|Any CPU
		{201258A6-4FB1-4448-BBC0-37D2A8967916}.Debug|Any CPU.ActiveCfg = Debug|Any CPU
		{201258A6-4FB1-4448-BBC0-37D2A8967916}.Debug|Any CPU.Build.0 = Debug|Any CPU
		{201258A6-4FB1-4448-BBC0-37D2A8967916}.Release|Any CPU.ActiveCfg = Release|Any CPU
		{201258A6-4FB1-4448-BBC0-37D2A8967916}.Release|Any CPU.Build.0 = Release|Any CPU
		{201258A6-4FB1-4448-BBC0-37D2A8967916}.Test|Any CPU.ActiveCfg = Test|Any CPU
		{201258A6-4FB1-4448-BBC0-37D2A8967916}.Test|Any CPU.Build.0 = Test|Any CPU
		{8E2605A9-54DF-4E63-ABA8-27D5C03DAC09}.Debug|Any CPU.ActiveCfg = Debug|Any CPU
		{8E2605A9-54DF-4E63-ABA8-27D5C03DAC09}.Debug|Any CPU.Build.0 = Debug|Any CPU
		{8E2605A9-54DF-4E63-ABA8-27D5C03DAC09}.Release|Any CPU.ActiveCfg = Release|Any CPU
		{8E2605A9-54DF-4E63-ABA8-27D5C03DAC09}.Release|Any CPU.Build.0 = Release|Any CPU
		{8E2605A9-54DF-4E63-ABA8-27D5C03DAC09}.Test|Any CPU.ActiveCfg = Test|Any CPU
		{8E2605A9-54DF-4E63-ABA8-27D5C03DAC09}.Test|Any CPU.Build.0 = Test|Any CPU
		{B2C3433E-931E-4D52-848E-A178B16E954C}.Debug|Any CPU.ActiveCfg = Debug|Any CPU
		{B2C3433E-931E-4D52-848E-A178B16E954C}.Debug|Any CPU.Build.0 = Debug|Any CPU
		{B2C3433E-931E-4D52-848E-A178B16E954C}.Release|Any CPU.ActiveCfg = Release|Any CPU
		{B2C3433E-931E-4D52-848E-A178B16E954C}.Release|Any CPU.Build.0 = Release|Any CPU
		{B2C3433E-931E-4D52-848E-A178B16E954C}.Test|Any CPU.ActiveCfg = Test|Any CPU
		{B2C3433E-931E-4D52-848E-A178B16E954C}.Test|Any CPU.Build.0 = Test|Any CPU
		{E00135E3-1811-4A63-889E-3DEC70A7FB8F}.Debug|Any CPU.ActiveCfg = Debug|Any CPU
		{E00135E3-1811-4A63-889E-3DEC70A7FB8F}.Debug|Any CPU.Build.0 = Debug|Any CPU
		{E00135E3-1811-4A63-889E-3DEC70A7FB8F}.Release|Any CPU.ActiveCfg = Release|Any CPU
		{E00135E3-1811-4A63-889E-3DEC70A7FB8F}.Release|Any CPU.Build.0 = Release|Any CPU
		{E00135E3-1811-4A63-889E-3DEC70A7FB8F}.Test|Any CPU.ActiveCfg = Test|Any CPU
		{E00135E3-1811-4A63-889E-3DEC70A7FB8F}.Test|Any CPU.Build.0 = Test|Any CPU
		{8D2A182F-A781-482F-8C65-3B0D638FF700}.Debug|Any CPU.ActiveCfg = Debug|Any CPU
		{8D2A182F-A781-482F-8C65-3B0D638FF700}.Debug|Any CPU.Build.0 = Debug|Any CPU
		{8D2A182F-A781-482F-8C65-3B0D638FF700}.Release|Any CPU.ActiveCfg = Release|Any CPU
		{8D2A182F-A781-482F-8C65-3B0D638FF700}.Release|Any CPU.Build.0 = Release|Any CPU
		{8D2A182F-A781-482F-8C65-3B0D638FF700}.Test|Any CPU.ActiveCfg = Test|Any CPU
		{8D2A182F-A781-482F-8C65-3B0D638FF700}.Test|Any CPU.Build.0 = Test|Any CPU
		{7CA121E2-DA8A-4318-92FA-14101826F04C}.Debug|Any CPU.ActiveCfg = Debug|Win32
		{7CA121E2-DA8A-4318-92FA-14101826F04C}.Debug|Any CPU.Build.0 = Debug|Win32
		{7CA121E2-DA8A-4318-92FA-14101826F04C}.Release|Any CPU.ActiveCfg = Release|Win32
		{7CA121E2-DA8A-4318-92FA-14101826F04C}.Release|Any CPU.Build.0 = Release|Win32
		{7CA121E2-DA8A-4318-92FA-14101826F04C}.Test|Any CPU.ActiveCfg = Release|Win32
		{D1102D1E-7ACE-4A81-96B8-36DA12310001}.Debug|Any CPU.ActiveCfg = Debug|Any CPU
		{D1102D1E-7ACE-4A81-96B8-36DA12310001}.Debug|Any CPU.Build.0 = Debug|Any CPU
		{D1102D1E-7ACE-4A81-96B8-36DA12310001}.Release|Any CPU.ActiveCfg = Release|Any CPU
		{D1102D1E-7ACE-4A81-96B8-36DA12310001}.Release|Any CPU.Build.0 = Release|Any CPU
		{D1102D1E-7ACE-4A81-96B8-36DA12310001}.Test|Any CPU.ActiveCfg = Test|Any CPU
		{D1102D1E-7ACE-4A81-96B8-36DA12310001}.Test|Any CPU.Build.0 = Test|Any CPU
		{C0A44000-B786-43FE-B14F-AB411403B499}.Debug|Any CPU.ActiveCfg = Debug|Any CPU
		{C0A44000-B786-43FE-B14F-AB411403B499}.Debug|Any CPU.Build.0 = Debug|Any CPU
		{C0A44000-B786-43FE-B14F-AB411403B499}.Release|Any CPU.ActiveCfg = Release|Any CPU
		{C0A44000-B786-43FE-B14F-AB411403B499}.Release|Any CPU.Build.0 = Release|Any CPU
		{C0A44000-B786-43FE-B14F-AB411403B499}.Test|Any CPU.ActiveCfg = Test|Any CPU
		{C0A44000-B786-43FE-B14F-AB411403B499}.Test|Any CPU.Build.0 = Test|Any CPU
		{A126ABBC-9199-432E-9714-4A1BEF84EE89}.Debug|Any CPU.ActiveCfg = Debug|Any CPU
		{A126ABBC-9199-432E-9714-4A1BEF84EE89}.Debug|Any CPU.Build.0 = Debug|Any CPU
		{A126ABBC-9199-432E-9714-4A1BEF84EE89}.Release|Any CPU.ActiveCfg = Release|Any CPU
		{A126ABBC-9199-432E-9714-4A1BEF84EE89}.Release|Any CPU.Build.0 = Release|Any CPU
		{A126ABBC-9199-432E-9714-4A1BEF84EE89}.Test|Any CPU.ActiveCfg = Test|Any CPU
		{A126ABBC-9199-432E-9714-4A1BEF84EE89}.Test|Any CPU.Build.0 = Test|Any CPU
		{93838A7A-B28C-4A83-BB75-E9B25471E4AF}.Debug|Any CPU.ActiveCfg = Debug|Any CPU
		{93838A7A-B28C-4A83-BB75-E9B25471E4AF}.Debug|Any CPU.Build.0 = Debug|Any CPU
		{93838A7A-B28C-4A83-BB75-E9B25471E4AF}.Release|Any CPU.ActiveCfg = Release|Any CPU
		{93838A7A-B28C-4A83-BB75-E9B25471E4AF}.Release|Any CPU.Build.0 = Release|Any CPU
		{93838A7A-B28C-4A83-BB75-E9B25471E4AF}.Test|Any CPU.ActiveCfg = Release|Any CPU
		{93838A7A-B28C-4A83-BB75-E9B25471E4AF}.Test|Any CPU.Build.0 = Release|Any CPU
		{A126ABBC-9199-4096-9714-4A1BEF84EE89}.Debug|Any CPU.ActiveCfg = Debug|Any CPU
		{A126ABBC-9199-4096-9714-4A1BEF84EE89}.Debug|Any CPU.Build.0 = Debug|Any CPU
		{A126ABBC-9199-4096-9714-4A1BEF84EE89}.Release|Any CPU.ActiveCfg = Release|Any CPU
		{A126ABBC-9199-4096-9714-4A1BEF84EE89}.Release|Any CPU.Build.0 = Release|Any CPU
		{A126ABBC-9199-4096-9714-4A1BEF84EE89}.Test|Any CPU.ActiveCfg = Test|Any CPU
		{A126ABBC-9199-4096-9714-4A1BEF84EE89}.Test|Any CPU.Build.0 = Test|Any CPU
		{BB3FBD31-1E35-4FFA-8DEE-695A7FE3AA7A}.Debug|Any CPU.ActiveCfg = Debug|Any CPU
		{BB3FBD31-1E35-4FFA-8DEE-695A7FE3AA7A}.Debug|Any CPU.Build.0 = Debug|Any CPU
		{BB3FBD31-1E35-4FFA-8DEE-695A7FE3AA7A}.Release|Any CPU.ActiveCfg = Release|Any CPU
		{BB3FBD31-1E35-4FFA-8DEE-695A7FE3AA7A}.Release|Any CPU.Build.0 = Release|Any CPU
		{BB3FBD31-1E35-4FFA-8DEE-695A7FE3AA7A}.Test|Any CPU.ActiveCfg = Release|Any CPU
		{BB3FBD31-1E35-4FFA-8DEE-695A7FE3AA7A}.Test|Any CPU.Build.0 = Release|Any CPU
		{FB140878-E3E6-41A9-B4F5-7AEF4D624E85}.Debug|Any CPU.ActiveCfg = Debug|Any CPU
		{FB140878-E3E6-41A9-B4F5-7AEF4D624E85}.Debug|Any CPU.Build.0 = Debug|Any CPU
		{FB140878-E3E6-41A9-B4F5-7AEF4D624E85}.Release|Any CPU.ActiveCfg = Release|Any CPU
		{FB140878-E3E6-41A9-B4F5-7AEF4D624E85}.Release|Any CPU.Build.0 = Release|Any CPU
		{FB140878-E3E6-41A9-B4F5-7AEF4D624E85}.Test|Any CPU.ActiveCfg = Release|Any CPU
		{FB140878-E3E6-41A9-B4F5-7AEF4D624E85}.Test|Any CPU.Build.0 = Release|Any CPU
	EndGlobalSection
	GlobalSection(SolutionProperties) = preSolution
		HideSolutionNode = FALSE
	EndGlobalSection
EndGlobal
