
Microsoft Visual Studio Solution File, Format Version 11.00
# Visual Studio 2010
Project("{FAE04EC0-301F-11D3-BF4B-00C04F79EFBC}") = "CoApp.Toolkit", "toolkit\CoApp.Toolkit.csproj", "{8B7E0D2F-6CA0-4E5E-BF52-1E4BDB132BBC}"
EndProject
Project("{FAE04EC0-301F-11D3-BF4B-00C04F79EFBC}") = "Cli", "cli\Cli.csproj", "{0EB44E9E-2674-4C0E-AE3F-E9071F45A765}"
	ProjectSection(ProjectDependencies) = postProject
		{8B7E0D2F-6CA0-4E5E-BF52-1E4BDB132BBC} = {8B7E0D2F-6CA0-4E5E-BF52-1E4BDB132BBC}
		{A126ABBC-9199-4096-9714-4A1BEF84EE89} = {A126ABBC-9199-4096-9714-4A1BEF84EE89}
	EndProjectSection
EndProject
Project("{FAE04EC0-301F-11D3-BF4B-00C04F79EFBC}") = "CoApp.Toolkit.Engine.Core", "toolkit\CoApp.Toolkit.Engine.Core.csproj", "{CC917E10-0068-4E91-8D3D-76CB446F7E43}"
	ProjectSection(ProjectDependencies) = postProject
		{8B7E0D2F-6CA0-4E5E-BF52-1E4BDB132BBC} = {8B7E0D2F-6CA0-4E5E-BF52-1E4BDB132BBC}
	EndProjectSection
EndProject
Project("{FAE04EC0-301F-11D3-BF4B-00C04F79EFBC}") = "CoApp.Toolkit.Debug", "toolkit\CoApp.Toolkit.Debug.csproj", "{A126ABBC-9199-4096-9714-4A1BEF84EE89}"
EndProject
Project("{FAE04EC0-301F-11D3-BF4B-00C04F79EFBC}") = "CoApp.Toolkit.Engine.Client", "toolkit\CoApp.Toolkit.Engine.Client.csproj", "{CC917E10-0068-4E91-8D3D-3276846F7E43}"
	ProjectSection(ProjectDependencies) = postProject
		{CC917E10-0068-4E91-8D3D-76CB446F7E43} = {CC917E10-0068-4E91-8D3D-76CB446F7E43}
	EndProjectSection
EndProject
Project("{FAE04EC0-301F-11D3-BF4B-00C04F79EFBC}") = "CoApp.Service", "service\CoApp.Service.csproj", "{93838A7A-1024-2048-BB75-E9B25471E4AF}"
EndProject
Project("{FAE04EC0-301F-11D3-BF4B-00C04F79EFBC}") = "CoApp.Cleaner", "cleaner\CoApp.Cleaner.csproj", "{680E9074-7D37-4A93-9560-122686340435}"
EndProject
Project("{FAE04EC0-301F-11D3-BF4B-00C04F79EFBC}") = "CoApp.Updater", "gui\CoApp.Updater.csproj", "{55D4D63D-C1BF-4675-8DEF-6B4F7DDC4C18}"
EndProject
Global
	GlobalSection(SolutionConfigurationPlatforms) = preSolution
		Debug|Any CPU = Debug|Any CPU
		Release|Any CPU = Release|Any CPU
	EndGlobalSection
	GlobalSection(ProjectConfigurationPlatforms) = postSolution
		{8B7E0D2F-6CA0-4E5E-BF52-1E4BDB132BBC}.Debug|Any CPU.ActiveCfg = Debug|Any CPU
		{8B7E0D2F-6CA0-4E5E-BF52-1E4BDB132BBC}.Debug|Any CPU.Build.0 = Debug|Any CPU
		{8B7E0D2F-6CA0-4E5E-BF52-1E4BDB132BBC}.Release|Any CPU.ActiveCfg = Release|Any CPU
		{8B7E0D2F-6CA0-4E5E-BF52-1E4BDB132BBC}.Release|Any CPU.Build.0 = Release|Any CPU
		{0EB44E9E-2674-4C0E-AE3F-E9071F45A765}.Debug|Any CPU.ActiveCfg = Debug|Any CPU
		{0EB44E9E-2674-4C0E-AE3F-E9071F45A765}.Debug|Any CPU.Build.0 = Debug|Any CPU
		{0EB44E9E-2674-4C0E-AE3F-E9071F45A765}.Release|Any CPU.ActiveCfg = Release|Any CPU
		{0EB44E9E-2674-4C0E-AE3F-E9071F45A765}.Release|Any CPU.Build.0 = Release|Any CPU
		{CC917E10-0068-4E91-8D3D-76CB446F7E43}.Debug|Any CPU.ActiveCfg = Debug|Any CPU
		{CC917E10-0068-4E91-8D3D-76CB446F7E43}.Debug|Any CPU.Build.0 = Debug|Any CPU
		{CC917E10-0068-4E91-8D3D-76CB446F7E43}.Release|Any CPU.ActiveCfg = Release|Any CPU
		{CC917E10-0068-4E91-8D3D-76CB446F7E43}.Release|Any CPU.Build.0 = Release|Any CPU
		{A126ABBC-9199-4096-9714-4A1BEF84EE89}.Debug|Any CPU.ActiveCfg = Debug|Any CPU
		{A126ABBC-9199-4096-9714-4A1BEF84EE89}.Debug|Any CPU.Build.0 = Debug|Any CPU
		{A126ABBC-9199-4096-9714-4A1BEF84EE89}.Release|Any CPU.ActiveCfg = Release|Any CPU
		{A126ABBC-9199-4096-9714-4A1BEF84EE89}.Release|Any CPU.Build.0 = Release|Any CPU
		{CC917E10-0068-4E91-8D3D-3276846F7E43}.Debug|Any CPU.ActiveCfg = Debug|Any CPU
		{CC917E10-0068-4E91-8D3D-3276846F7E43}.Debug|Any CPU.Build.0 = Debug|Any CPU
		{CC917E10-0068-4E91-8D3D-3276846F7E43}.Release|Any CPU.ActiveCfg = Release|Any CPU
		{CC917E10-0068-4E91-8D3D-3276846F7E43}.Release|Any CPU.Build.0 = Release|Any CPU
		{93838A7A-1024-2048-BB75-E9B25471E4AF}.Debug|Any CPU.ActiveCfg = Debug|Any CPU
		{93838A7A-1024-2048-BB75-E9B25471E4AF}.Debug|Any CPU.Build.0 = Debug|Any CPU
		{93838A7A-1024-2048-BB75-E9B25471E4AF}.Release|Any CPU.ActiveCfg = Release|Any CPU
		{93838A7A-1024-2048-BB75-E9B25471E4AF}.Release|Any CPU.Build.0 = Release|Any CPU
		{680E9074-7D37-4A93-9560-122686340435}.Debug|Any CPU.ActiveCfg = Debug|Any CPU
		{680E9074-7D37-4A93-9560-122686340435}.Debug|Any CPU.Build.0 = Debug|Any CPU
		{680E9074-7D37-4A93-9560-122686340435}.Release|Any CPU.ActiveCfg = Release|Any CPU
		{680E9074-7D37-4A93-9560-122686340435}.Release|Any CPU.Build.0 = Release|Any CPU
		{55D4D63D-C1BF-4675-8DEF-6B4F7DDC4C18}.Debug|Any CPU.ActiveCfg = Debug|Any CPU
		{55D4D63D-C1BF-4675-8DEF-6B4F7DDC4C18}.Debug|Any CPU.Build.0 = Debug|Any CPU
		{55D4D63D-C1BF-4675-8DEF-6B4F7DDC4C18}.Release|Any CPU.ActiveCfg = Release|Any CPU
		{55D4D63D-C1BF-4675-8DEF-6B4F7DDC4C18}.Release|Any CPU.Build.0 = Release|Any CPU
	EndGlobalSection
	GlobalSection(SolutionProperties) = preSolution
		HideSolutionNode = FALSE
	EndGlobalSection
EndGlobal
