
Microsoft Visual Studio Solution File, Format Version 11.00
# Visual Studio 2010
Project("{FAE04EC0-301F-11D3-BF4B-00C04F79EFBC}") = "trace", "..\coapp-trace\trace.csproj", "{D1102D1E-7ACE-4A81-96B8-36DA8F5D65BC}"
	ProjectSection(ProjectDependencies) = postProject
		{2BDE3A15-0C09-470D-92FD-4AAEF7B6C6E2} = {2BDE3A15-0C09-470D-92FD-4AAEF7B6C6E2}
		{4D4611C4-EDEA-4F57-AD84-774C9BB946D2} = {4D4611C4-EDEA-4F57-AD84-774C9BB946D2}
	EndProjectSection
EndProject
Project("{FAE04EC0-301F-11D3-BF4B-00C04F79EFBC}") = "CoApp.Toolkit", "..\coapp-toolkit\CoApp.Toolkit.csproj", "{8B7E0D2F-6CA0-4E5E-BF52-1E4BDB132BBC}"
EndProject
Project("{8BC9CEB8-8B4A-11D0-8D11-00A0C91BC942}") = "detours", "..\managed-detours\detours.vcxproj", "{2BDE3A15-0C09-470D-92FD-4AAEF7B6C6E2}"
EndProject
Project("{8BC9CEB8-8B4A-11D0-8D11-00A0C91BC942}") = "detoured", "..\detours\detoured.vcxproj", "{4D4611C4-EDEA-4F57-AD84-774C9BB946D2}"
EndProject
Global
	GlobalSection(SolutionConfigurationPlatforms) = preSolution
		Debug|x64 = Debug|x64
		Debug|x86 = Debug|x86
		Release|x64 = Release|x64
		Release|x86 = Release|x86
	EndGlobalSection
	GlobalSection(ProjectConfigurationPlatforms) = postSolution
		{D1102D1E-7ACE-4A81-96B8-36DA8F5D65BC}.Debug|x64.ActiveCfg = Debug|x64
		{D1102D1E-7ACE-4A81-96B8-36DA8F5D65BC}.Debug|x64.Build.0 = Debug|x64
		{D1102D1E-7ACE-4A81-96B8-36DA8F5D65BC}.Debug|x86.ActiveCfg = Debug|x86
		{D1102D1E-7ACE-4A81-96B8-36DA8F5D65BC}.Debug|x86.Build.0 = Debug|x86
		{D1102D1E-7ACE-4A81-96B8-36DA8F5D65BC}.Release|x64.ActiveCfg = Release|x64
		{D1102D1E-7ACE-4A81-96B8-36DA8F5D65BC}.Release|x64.Build.0 = Release|x64
		{D1102D1E-7ACE-4A81-96B8-36DA8F5D65BC}.Release|x86.ActiveCfg = Release|x86
		{D1102D1E-7ACE-4A81-96B8-36DA8F5D65BC}.Release|x86.Build.0 = Release|x86
		{8B7E0D2F-6CA0-4E5E-BF52-1E4BDB132BBC}.Debug|x64.ActiveCfg = Debug|Any CPU
		{8B7E0D2F-6CA0-4E5E-BF52-1E4BDB132BBC}.Debug|x64.Build.0 = Debug|Any CPU
		{8B7E0D2F-6CA0-4E5E-BF52-1E4BDB132BBC}.Debug|x86.ActiveCfg = Debug|Any CPU
		{8B7E0D2F-6CA0-4E5E-BF52-1E4BDB132BBC}.Debug|x86.Build.0 = Debug|Any CPU
		{8B7E0D2F-6CA0-4E5E-BF52-1E4BDB132BBC}.Release|x64.ActiveCfg = Release|Any CPU
		{8B7E0D2F-6CA0-4E5E-BF52-1E4BDB132BBC}.Release|x64.Build.0 = Release|Any CPU
		{8B7E0D2F-6CA0-4E5E-BF52-1E4BDB132BBC}.Release|x86.ActiveCfg = Release|Any CPU
		{8B7E0D2F-6CA0-4E5E-BF52-1E4BDB132BBC}.Release|x86.Build.0 = Release|Any CPU
		{2BDE3A15-0C09-470D-92FD-4AAEF7B6C6E2}.Debug|x64.ActiveCfg = Debug|x64
		{2BDE3A15-0C09-470D-92FD-4AAEF7B6C6E2}.Debug|x64.Build.0 = Debug|x64
		{2BDE3A15-0C09-470D-92FD-4AAEF7B6C6E2}.Debug|x86.ActiveCfg = Debug|Win32
		{2BDE3A15-0C09-470D-92FD-4AAEF7B6C6E2}.Debug|x86.Build.0 = Debug|Win32
		{2BDE3A15-0C09-470D-92FD-4AAEF7B6C6E2}.Release|x64.ActiveCfg = Release|x64
		{2BDE3A15-0C09-470D-92FD-4AAEF7B6C6E2}.Release|x64.Build.0 = Release|x64
		{2BDE3A15-0C09-470D-92FD-4AAEF7B6C6E2}.Release|x86.ActiveCfg = Release|Win32
		{2BDE3A15-0C09-470D-92FD-4AAEF7B6C6E2}.Release|x86.Build.0 = Release|Win32
		{4D4611C4-EDEA-4F57-AD84-774C9BB946D2}.Debug|x64.ActiveCfg = Debug|x64
		{4D4611C4-EDEA-4F57-AD84-774C9BB946D2}.Debug|x64.Build.0 = Debug|x64
		{4D4611C4-EDEA-4F57-AD84-774C9BB946D2}.Debug|x86.ActiveCfg = Debug|Win32
		{4D4611C4-EDEA-4F57-AD84-774C9BB946D2}.Debug|x86.Build.0 = Debug|Win32
		{4D4611C4-EDEA-4F57-AD84-774C9BB946D2}.Release|x64.ActiveCfg = Release|x64
		{4D4611C4-EDEA-4F57-AD84-774C9BB946D2}.Release|x64.Build.0 = Release|x64
		{4D4611C4-EDEA-4F57-AD84-774C9BB946D2}.Release|x86.ActiveCfg = Release|Win32
		{4D4611C4-EDEA-4F57-AD84-774C9BB946D2}.Release|x86.Build.0 = Release|Win32
	EndGlobalSection
	GlobalSection(SolutionProperties) = preSolution
		HideSolutionNode = FALSE
	EndGlobalSection
EndGlobal
