
Microsoft Visual Studio Solution File, Format Version 11.00
# Visual Studio 2010
Project("{FAE04EC0-301F-11D3-BF4B-00C04F79EFBC}") = "CoApp.Toolkit", "..\toolkit\CoApp.Toolkit.csproj", "{8B7E0D2F-6CA0-4E5E-BF52-1E4BDB132BBC}"
EndProject
Project("{FAE04EC0-301F-11D3-BF4B-00C04F79EFBC}") = "Cli", "..\cli\Cli.csproj", "{0EB44E9E-2674-4C0E-AE3F-E9071F45A765}"
	ProjectSection(ProjectDependencies) = postProject
		{8B7E0D2F-6CA0-4E5E-BF52-1E4BDB132BBC} = {8B7E0D2F-6CA0-4E5E-BF52-1E4BDB132BBC}
	EndProjectSection
EndProject
Project("{FAE04EC0-301F-11D3-BF4B-00C04F79EFBC}") = "CoApp.Toolkit.Engine.Core", "..\toolkit\CoApp.Toolkit.Engine.Core.csproj", "{CC917E10-0068-4E91-8D3D-76CB446F7E43}"
	ProjectSection(ProjectDependencies) = postProject
		{8B7E0D2F-6CA0-4E5E-BF52-1E4BDB132BBC} = {8B7E0D2F-6CA0-4E5E-BF52-1E4BDB132BBC}
		{4EA8493D-D7B5-41E1-0064-F253637820E8} = {4EA8493D-D7B5-41E1-0064-F253637820E8}
		{4EA8493D-D7B5-41E1-86C8-F253637820E8} = {4EA8493D-D7B5-41E1-86C8-F253637820E8}
	EndProjectSection
EndProject
Project("{FAE04EC0-301F-11D3-BF4B-00C04F79EFBC}") = "Scan", "..\scan\Scan.csproj", "{5E958A69-637E-4807-8DCE-5DDA6B254AFE}"
EndProject
Project("{FAE04EC0-301F-11D3-BF4B-00C04F79EFBC}") = "testpackagemaker", "..\testpackagemaker\testpackagemaker.csproj", "{24200A95-ABD9-4301-B54B-3A94FC9AD509}"
EndProject
Project("{FAE04EC0-301F-11D3-BF4B-00C04F79EFBC}") = "QuickTool", "..\QuickTool\QuickTool.csproj", "{8E2605A9-54DF-4E63-ABA8-27D5C03DAC09}"
EndProject
Project("{FAE04EC0-301F-11D3-BF4B-00C04F79EFBC}") = "simplesigner", "..\simplesigner\simplesigner.csproj", "{B2C3433E-931E-4D52-848E-A178B16E954C}"
EndProject
Project("{FAE04EC0-301F-11D3-BF4B-00C04F79EFBC}") = "autopackage", "..\autopackage\autopackage.csproj", "{D1102D1E-7ACE-4A81-96B8-36DA12310001}"
	ProjectSection(ProjectDependencies) = postProject
		{ED903BAB-1812-4ED8-A85B-A2A2EB83CB2D} = {ED903BAB-1812-4ED8-A85B-A2A2EB83CB2D}
		{7CA121E2-DA8A-4318-92FA-14101826F04C} = {7CA121E2-DA8A-4318-92FA-14101826F04C}
	EndProjectSection
EndProject
Project("{FAE04EC0-301F-11D3-BF4B-00C04F79EFBC}") = "ptk", "..\ptk\ptk.csproj", "{C0A44000-B786-43FE-B14F-AB411403B499}"
EndProject
Project("{FAE04EC0-301F-11D3-BF4B-00C04F79EFBC}") = "CoApp.Toolkit.Debug", "..\toolkit\CoApp.Toolkit.Debug.csproj", "{A126ABBC-9199-4096-9714-4A1BEF84EE89}"
EndProject
Project("{FAE04EC0-301F-11D3-BF4B-00C04F79EFBC}") = "ToolScanner", "..\ToolScanner\ToolScanner.csproj", "{FB140878-E3E6-41A9-B4F5-7AEF4D624E85}"
EndProject
Project("{FAE04EC0-301F-11D3-BF4B-00C04F79EFBC}") = "CoApp.Toolkit.Engine.Client", "..\toolkit\CoApp.Toolkit.Engine.Client.csproj", "{CC917E10-0068-4E91-8D3D-3276846F7E43}"
	ProjectSection(ProjectDependencies) = postProject
		{CC917E10-0068-4E91-8D3D-76CB446F7E43} = {CC917E10-0068-4E91-8D3D-76CB446F7E43}
	EndProjectSection
EndProject
Project("{2150E333-8FDC-42A3-9474-1A3956D46DE8}") = "coapp.toolkit", "coapp.toolkit", "{F600B640-9579-4841-B620-79E84C1CF0A8}"
	ProjectSection(SolutionItems) = preProject
		scripts\inc-toolkit-build-numbers.js = scripts\inc-toolkit-build-numbers.js
	EndProjectSection
EndProject
Project("{2150E333-8FDC-42A3-9474-1A3956D46DE8}") = "coapp.devtools", "coapp.devtools", "{7F904B72-73C6-45DC-8798-78419020C251}"
	ProjectSection(SolutionItems) = preProject
		scripts\inc-devtools-build-numbers.js = scripts\inc-devtools-build-numbers.js
	EndProjectSection
EndProject
Project("{2150E333-8FDC-42A3-9474-1A3956D46DE8}") = "Solution Scripts", "Solution Scripts", "{6D21DA6B-6A4D-4AD4-8BDF-5B45A39ABC6F}"
	ProjectSection(SolutionItems) = preProject
		package-scripts\1.coapp.toolkit.autopkg = package-scripts\1.coapp.toolkit.autopkg
		scripts\release-sign.cmd = scripts\release-sign.cmd
	EndProjectSection
EndProject
Project("{FAE04EC0-301F-11D3-BF4B-00C04F79EFBC}") = "CoApp.Service", "..\toolkit\CoApp.Service.csproj", "{93838A7A-1024-2048-BB75-E9B25471E4AF}"
EndProject
Project("{8BC9CEB8-8B4A-11D0-8D11-00A0C91BC942}") = "bootstrap", "..\bootstrap\bootstrap.vcxproj", "{7CA121E2-DA8A-4318-92FA-14101826F04C}"
	ProjectSection(ProjectDependencies) = postProject
		{ACF26B97-45CF-4D0C-9C6A-7CAFB740C563} = {ACF26B97-45CF-4D0C-9C6A-7CAFB740C563}
	EndProjectSection
EndProject
Project("{FAE04EC0-301F-11D3-BF4B-00C04F79EFBC}") = "BootstrapperUI", "..\BootstrapperUI\BootstrapperUI.csproj", "{ED903BAB-1812-4ED8-A85B-A2A2EB83CB2D}"
	ProjectSection(ProjectDependencies) = postProject
		{ACF26B97-45CF-4D0C-9C6A-7CAFB740C563} = {ACF26B97-45CF-4D0C-9C6A-7CAFB740C563}
	EndProjectSection
EndProject
Project("{FAE04EC0-301F-11D3-BF4B-00C04F79EFBC}") = "InstallerUI", "..\InstallerUI\InstallerUI.csproj", "{42B68543-B384-4C5D-A933-1E349677FA48}"
	ProjectSection(ProjectDependencies) = postProject
		{CC917E10-0068-4E91-8D3D-3276846F7E43} = {CC917E10-0068-4E91-8D3D-3276846F7E43}
		{8B7E0D2F-6CA0-4E5E-BF52-1E4BDB132BBC} = {8B7E0D2F-6CA0-4E5E-BF52-1E4BDB132BBC}
	EndProjectSection
EndProject
Project("{FAE04EC0-301F-11D3-BF4B-00C04F79EFBC}") = "Azure", "..\Azure\Azure.csproj", "{442A1739-BCE0-4B51-A615-B75CF3BBC841}"
	ProjectSection(ProjectDependencies) = postProject
		{0EB44E9E-2674-4C0E-AE3F-E9071F45A765} = {0EB44E9E-2674-4C0E-AE3F-E9071F45A765}
	EndProjectSection
EndProject
Project("{8BC9CEB8-8B4A-11D0-8D11-00A0C91BC942}") = "CoApp.Rehash.x86", "..\toolkit\rehash\CoApp.Rehash.x86.vcxproj", "{4EA8493D-D7B5-41E1-86C8-F253637820E8}"
EndProject
Project("{8BC9CEB8-8B4A-11D0-8D11-00A0C91BC942}") = "CoApp.Rehash.x64", "..\toolkit\rehash\CoApp.Rehash.x64.vcxproj", "{4EA8493D-D7B5-41E1-0064-F253637820E8}"
EndProject
Project("{8BC9CEB8-8B4A-11D0-8D11-00A0C91BC942}") = "CoApp.Resources", "..\Resources\Resources.vcxproj", "{ACF26B97-45CF-4D0C-9C6A-7CAFB740C563}"
EndProject
Project("{2150E333-8FDC-42A3-9474-1A3956D46DE8}") = "bootstrap", "bootstrap", "{27AAF502-F065-4AAD-B893-4B77E3E10AE9}"
EndProject
Project("{FAE04EC0-301F-11D3-BF4B-00C04F79EFBC}") = "CoApp.CCI", "..\cci\CoApp.CCI.csproj", "{7B8CB73A-D762-44F4-B0AA-95840A29A019}"
EndProject
Project("{FAE04EC0-301F-11D3-BF4B-00C04F79EFBC}") = "developer.toolkit", "..\developer.toolkit\developer.toolkit.csproj", "{E1BC4727-C201-44D4-9B73-78D20BD55D5C}"
EndProject
Global
	GlobalSection(SolutionConfigurationPlatforms) = preSolution
		Debug|Any CPU = Debug|Any CPU
		Release|Any CPU = Release|Any CPU
		Test|Any CPU = Test|Any CPU
	EndGlobalSection
	GlobalSection(ProjectConfigurationPlatforms) = postSolution
		{8B7E0D2F-6CA0-4E5E-BF52-1E4BDB132BBC}.Debug|Any CPU.ActiveCfg = Debug|Any CPU
		{8B7E0D2F-6CA0-4E5E-BF52-1E4BDB132BBC}.Debug|Any CPU.Build.0 = Debug|Any CPU
		{8B7E0D2F-6CA0-4E5E-BF52-1E4BDB132BBC}.Release|Any CPU.ActiveCfg = Release|Any CPU
		{8B7E0D2F-6CA0-4E5E-BF52-1E4BDB132BBC}.Release|Any CPU.Build.0 = Release|Any CPU
		{8B7E0D2F-6CA0-4E5E-BF52-1E4BDB132BBC}.Test|Any CPU.ActiveCfg = Test|Any CPU
		{8B7E0D2F-6CA0-4E5E-BF52-1E4BDB132BBC}.Test|Any CPU.Build.0 = Test|Any CPU
		{0EB44E9E-2674-4C0E-AE3F-E9071F45A765}.Debug|Any CPU.ActiveCfg = Debug|Any CPU
		{0EB44E9E-2674-4C0E-AE3F-E9071F45A765}.Debug|Any CPU.Build.0 = Debug|Any CPU
		{0EB44E9E-2674-4C0E-AE3F-E9071F45A765}.Release|Any CPU.ActiveCfg = Release|Any CPU
		{0EB44E9E-2674-4C0E-AE3F-E9071F45A765}.Release|Any CPU.Build.0 = Release|Any CPU
		{0EB44E9E-2674-4C0E-AE3F-E9071F45A765}.Test|Any CPU.ActiveCfg = Test|Any CPU
		{0EB44E9E-2674-4C0E-AE3F-E9071F45A765}.Test|Any CPU.Build.0 = Test|Any CPU
		{CC917E10-0068-4E91-8D3D-76CB446F7E43}.Debug|Any CPU.ActiveCfg = Debug|Any CPU
		{CC917E10-0068-4E91-8D3D-76CB446F7E43}.Debug|Any CPU.Build.0 = Debug|Any CPU
		{CC917E10-0068-4E91-8D3D-76CB446F7E43}.Release|Any CPU.ActiveCfg = Release|Any CPU
		{CC917E10-0068-4E91-8D3D-76CB446F7E43}.Release|Any CPU.Build.0 = Release|Any CPU
		{CC917E10-0068-4E91-8D3D-76CB446F7E43}.Test|Any CPU.ActiveCfg = Test|Any CPU
		{CC917E10-0068-4E91-8D3D-76CB446F7E43}.Test|Any CPU.Build.0 = Test|Any CPU
		{5E958A69-637E-4807-8DCE-5DDA6B254AFE}.Debug|Any CPU.ActiveCfg = Debug|Any CPU
		{5E958A69-637E-4807-8DCE-5DDA6B254AFE}.Debug|Any CPU.Build.0 = Debug|Any CPU
		{5E958A69-637E-4807-8DCE-5DDA6B254AFE}.Release|Any CPU.ActiveCfg = Release|Any CPU
		{5E958A69-637E-4807-8DCE-5DDA6B254AFE}.Release|Any CPU.Build.0 = Release|Any CPU
		{5E958A69-637E-4807-8DCE-5DDA6B254AFE}.Test|Any CPU.ActiveCfg = Test|Any CPU
		{5E958A69-637E-4807-8DCE-5DDA6B254AFE}.Test|Any CPU.Build.0 = Test|Any CPU
		{24200A95-ABD9-4301-B54B-3A94FC9AD509}.Debug|Any CPU.ActiveCfg = Debug|Any CPU
		{24200A95-ABD9-4301-B54B-3A94FC9AD509}.Debug|Any CPU.Build.0 = Debug|Any CPU
		{24200A95-ABD9-4301-B54B-3A94FC9AD509}.Release|Any CPU.ActiveCfg = Release|Any CPU
		{24200A95-ABD9-4301-B54B-3A94FC9AD509}.Release|Any CPU.Build.0 = Release|Any CPU
		{24200A95-ABD9-4301-B54B-3A94FC9AD509}.Test|Any CPU.ActiveCfg = Test|Any CPU
		{24200A95-ABD9-4301-B54B-3A94FC9AD509}.Test|Any CPU.Build.0 = Test|Any CPU
		{8E2605A9-54DF-4E63-ABA8-27D5C03DAC09}.Debug|Any CPU.ActiveCfg = Debug|Any CPU
		{8E2605A9-54DF-4E63-ABA8-27D5C03DAC09}.Debug|Any CPU.Build.0 = Debug|Any CPU
		{8E2605A9-54DF-4E63-ABA8-27D5C03DAC09}.Release|Any CPU.ActiveCfg = Release|Any CPU
		{8E2605A9-54DF-4E63-ABA8-27D5C03DAC09}.Release|Any CPU.Build.0 = Release|Any CPU
		{8E2605A9-54DF-4E63-ABA8-27D5C03DAC09}.Test|Any CPU.ActiveCfg = Test|Any CPU
		{8E2605A9-54DF-4E63-ABA8-27D5C03DAC09}.Test|Any CPU.Build.0 = Test|Any CPU
		{B2C3433E-931E-4D52-848E-A178B16E954C}.Debug|Any CPU.ActiveCfg = Debug|Any CPU
		{B2C3433E-931E-4D52-848E-A178B16E954C}.Debug|Any CPU.Build.0 = Debug|Any CPU
		{B2C3433E-931E-4D52-848E-A178B16E954C}.Release|Any CPU.ActiveCfg = Release|Any CPU
		{B2C3433E-931E-4D52-848E-A178B16E954C}.Release|Any CPU.Build.0 = Release|Any CPU
		{B2C3433E-931E-4D52-848E-A178B16E954C}.Test|Any CPU.ActiveCfg = Test|Any CPU
		{B2C3433E-931E-4D52-848E-A178B16E954C}.Test|Any CPU.Build.0 = Test|Any CPU
		{D1102D1E-7ACE-4A81-96B8-36DA12310001}.Debug|Any CPU.ActiveCfg = Debug|Any CPU
		{D1102D1E-7ACE-4A81-96B8-36DA12310001}.Debug|Any CPU.Build.0 = Debug|Any CPU
		{D1102D1E-7ACE-4A81-96B8-36DA12310001}.Release|Any CPU.ActiveCfg = Release|Any CPU
		{D1102D1E-7ACE-4A81-96B8-36DA12310001}.Release|Any CPU.Build.0 = Release|Any CPU
		{D1102D1E-7ACE-4A81-96B8-36DA12310001}.Test|Any CPU.ActiveCfg = Test|Any CPU
		{D1102D1E-7ACE-4A81-96B8-36DA12310001}.Test|Any CPU.Build.0 = Test|Any CPU
		{C0A44000-B786-43FE-B14F-AB411403B499}.Debug|Any CPU.ActiveCfg = Debug|Any CPU
		{C0A44000-B786-43FE-B14F-AB411403B499}.Debug|Any CPU.Build.0 = Debug|Any CPU
		{C0A44000-B786-43FE-B14F-AB411403B499}.Release|Any CPU.ActiveCfg = Release|Any CPU
		{C0A44000-B786-43FE-B14F-AB411403B499}.Release|Any CPU.Build.0 = Release|Any CPU
		{C0A44000-B786-43FE-B14F-AB411403B499}.Test|Any CPU.ActiveCfg = Test|Any CPU
		{C0A44000-B786-43FE-B14F-AB411403B499}.Test|Any CPU.Build.0 = Test|Any CPU
		{A126ABBC-9199-4096-9714-4A1BEF84EE89}.Debug|Any CPU.ActiveCfg = Debug|Any CPU
		{A126ABBC-9199-4096-9714-4A1BEF84EE89}.Debug|Any CPU.Build.0 = Debug|Any CPU
		{A126ABBC-9199-4096-9714-4A1BEF84EE89}.Release|Any CPU.ActiveCfg = Release|Any CPU
		{A126ABBC-9199-4096-9714-4A1BEF84EE89}.Release|Any CPU.Build.0 = Release|Any CPU
		{A126ABBC-9199-4096-9714-4A1BEF84EE89}.Test|Any CPU.ActiveCfg = Test|Any CPU
		{A126ABBC-9199-4096-9714-4A1BEF84EE89}.Test|Any CPU.Build.0 = Test|Any CPU
		{FB140878-E3E6-41A9-B4F5-7AEF4D624E85}.Debug|Any CPU.ActiveCfg = Debug|Any CPU
		{FB140878-E3E6-41A9-B4F5-7AEF4D624E85}.Debug|Any CPU.Build.0 = Debug|Any CPU
		{FB140878-E3E6-41A9-B4F5-7AEF4D624E85}.Release|Any CPU.ActiveCfg = Release|Any CPU
		{FB140878-E3E6-41A9-B4F5-7AEF4D624E85}.Release|Any CPU.Build.0 = Release|Any CPU
		{FB140878-E3E6-41A9-B4F5-7AEF4D624E85}.Test|Any CPU.ActiveCfg = Release|Any CPU
		{FB140878-E3E6-41A9-B4F5-7AEF4D624E85}.Test|Any CPU.Build.0 = Release|Any CPU
		{CC917E10-0068-4E91-8D3D-3276846F7E43}.Debug|Any CPU.ActiveCfg = Debug|Any CPU
		{CC917E10-0068-4E91-8D3D-3276846F7E43}.Debug|Any CPU.Build.0 = Debug|Any CPU
		{CC917E10-0068-4E91-8D3D-3276846F7E43}.Release|Any CPU.ActiveCfg = Release|Any CPU
		{CC917E10-0068-4E91-8D3D-3276846F7E43}.Release|Any CPU.Build.0 = Release|Any CPU
		{CC917E10-0068-4E91-8D3D-3276846F7E43}.Test|Any CPU.ActiveCfg = Test|Any CPU
		{CC917E10-0068-4E91-8D3D-3276846F7E43}.Test|Any CPU.Build.0 = Test|Any CPU
		{93838A7A-1024-2048-BB75-E9B25471E4AF}.Debug|Any CPU.ActiveCfg = Debug|Any CPU
		{93838A7A-1024-2048-BB75-E9B25471E4AF}.Debug|Any CPU.Build.0 = Debug|Any CPU
		{93838A7A-1024-2048-BB75-E9B25471E4AF}.Release|Any CPU.ActiveCfg = Release|Any CPU
		{93838A7A-1024-2048-BB75-E9B25471E4AF}.Release|Any CPU.Build.0 = Release|Any CPU
		{93838A7A-1024-2048-BB75-E9B25471E4AF}.Test|Any CPU.ActiveCfg = Test|Any CPU
		{93838A7A-1024-2048-BB75-E9B25471E4AF}.Test|Any CPU.Build.0 = Test|Any CPU
		{7CA121E2-DA8A-4318-92FA-14101826F04C}.Debug|Any CPU.ActiveCfg = Debug|Win32
		{7CA121E2-DA8A-4318-92FA-14101826F04C}.Debug|Any CPU.Build.0 = Debug|Win32
		{7CA121E2-DA8A-4318-92FA-14101826F04C}.Release|Any CPU.ActiveCfg = Release|Win32
		{7CA121E2-DA8A-4318-92FA-14101826F04C}.Release|Any CPU.Build.0 = Release|Win32
		{7CA121E2-DA8A-4318-92FA-14101826F04C}.Test|Any CPU.ActiveCfg = Release|Win32
		{ED903BAB-1812-4ED8-A85B-A2A2EB83CB2D}.Debug|Any CPU.ActiveCfg = Debug|Any CPU
		{ED903BAB-1812-4ED8-A85B-A2A2EB83CB2D}.Debug|Any CPU.Build.0 = Debug|Any CPU
		{ED903BAB-1812-4ED8-A85B-A2A2EB83CB2D}.Release|Any CPU.ActiveCfg = Release|Any CPU
		{ED903BAB-1812-4ED8-A85B-A2A2EB83CB2D}.Release|Any CPU.Build.0 = Release|Any CPU
		{ED903BAB-1812-4ED8-A85B-A2A2EB83CB2D}.Test|Any CPU.ActiveCfg = Release|Any CPU
		{ED903BAB-1812-4ED8-A85B-A2A2EB83CB2D}.Test|Any CPU.Build.0 = Release|Any CPU
		{42B68543-B384-4C5D-A933-1E349677FA48}.Debug|Any CPU.ActiveCfg = Debug|Any CPU
		{42B68543-B384-4C5D-A933-1E349677FA48}.Debug|Any CPU.Build.0 = Debug|Any CPU
		{42B68543-B384-4C5D-A933-1E349677FA48}.Release|Any CPU.ActiveCfg = Release|Any CPU
		{42B68543-B384-4C5D-A933-1E349677FA48}.Release|Any CPU.Build.0 = Release|Any CPU
		{42B68543-B384-4C5D-A933-1E349677FA48}.Test|Any CPU.ActiveCfg = Release|Any CPU
		{42B68543-B384-4C5D-A933-1E349677FA48}.Test|Any CPU.Build.0 = Release|Any CPU
		{442A1739-BCE0-4B51-A615-B75CF3BBC841}.Debug|Any CPU.ActiveCfg = Debug|Any CPU
		{442A1739-BCE0-4B51-A615-B75CF3BBC841}.Debug|Any CPU.Build.0 = Debug|Any CPU
		{442A1739-BCE0-4B51-A615-B75CF3BBC841}.Release|Any CPU.ActiveCfg = Release|Any CPU
		{442A1739-BCE0-4B51-A615-B75CF3BBC841}.Release|Any CPU.Build.0 = Release|Any CPU
		{442A1739-BCE0-4B51-A615-B75CF3BBC841}.Test|Any CPU.ActiveCfg = Release|Any CPU
		{442A1739-BCE0-4B51-A615-B75CF3BBC841}.Test|Any CPU.Build.0 = Release|Any CPU
		{4EA8493D-D7B5-41E1-86C8-F253637820E8}.Debug|Any CPU.ActiveCfg = Debug|Win32
		{4EA8493D-D7B5-41E1-86C8-F253637820E8}.Debug|Any CPU.Build.0 = Debug|Win32
		{4EA8493D-D7B5-41E1-86C8-F253637820E8}.Release|Any CPU.ActiveCfg = Release|Win32
		{4EA8493D-D7B5-41E1-86C8-F253637820E8}.Release|Any CPU.Build.0 = Release|Win32
		{4EA8493D-D7B5-41E1-86C8-F253637820E8}.Test|Any CPU.ActiveCfg = Release|Win32
		{4EA8493D-D7B5-41E1-0064-F253637820E8}.Debug|Any CPU.ActiveCfg = Debug|x64
		{4EA8493D-D7B5-41E1-0064-F253637820E8}.Debug|Any CPU.Build.0 = Debug|x64
		{4EA8493D-D7B5-41E1-0064-F253637820E8}.Release|Any CPU.ActiveCfg = Release|x64
		{4EA8493D-D7B5-41E1-0064-F253637820E8}.Release|Any CPU.Build.0 = Release|x64
		{4EA8493D-D7B5-41E1-0064-F253637820E8}.Test|Any CPU.ActiveCfg = Release|x64
		{ACF26B97-45CF-4D0C-9C6A-7CAFB740C563}.Debug|Any CPU.ActiveCfg = Debug|Win32
		{ACF26B97-45CF-4D0C-9C6A-7CAFB740C563}.Debug|Any CPU.Build.0 = Debug|Win32
		{ACF26B97-45CF-4D0C-9C6A-7CAFB740C563}.Release|Any CPU.ActiveCfg = Release|Win32
		{ACF26B97-45CF-4D0C-9C6A-7CAFB740C563}.Release|Any CPU.Build.0 = Release|Win32
		{ACF26B97-45CF-4D0C-9C6A-7CAFB740C563}.Test|Any CPU.ActiveCfg = Release|Win32
		{7B8CB73A-D762-44F4-B0AA-95840A29A019}.Debug|Any CPU.ActiveCfg = Debug|Any CPU
		{7B8CB73A-D762-44F4-B0AA-95840A29A019}.Debug|Any CPU.Build.0 = Debug|Any CPU
		{7B8CB73A-D762-44F4-B0AA-95840A29A019}.Release|Any CPU.ActiveCfg = Release|Any CPU
		{7B8CB73A-D762-44F4-B0AA-95840A29A019}.Release|Any CPU.Build.0 = Release|Any CPU
		{7B8CB73A-D762-44F4-B0AA-95840A29A019}.Test|Any CPU.ActiveCfg = Release|Any CPU
		{7B8CB73A-D762-44F4-B0AA-95840A29A019}.Test|Any CPU.Build.0 = Release|Any CPU
		{E1BC4727-C201-44D4-9B73-78D20BD55D5C}.Debug|Any CPU.ActiveCfg = Debug|Any CPU
		{E1BC4727-C201-44D4-9B73-78D20BD55D5C}.Debug|Any CPU.Build.0 = Debug|Any CPU
		{E1BC4727-C201-44D4-9B73-78D20BD55D5C}.Release|Any CPU.ActiveCfg = Release|Any CPU
		{E1BC4727-C201-44D4-9B73-78D20BD55D5C}.Release|Any CPU.Build.0 = Release|Any CPU
		{E1BC4727-C201-44D4-9B73-78D20BD55D5C}.Test|Any CPU.ActiveCfg = Release|Any CPU
		{E1BC4727-C201-44D4-9B73-78D20BD55D5C}.Test|Any CPU.Build.0 = Release|Any CPU
	EndGlobalSection
	GlobalSection(SolutionProperties) = preSolution
		HideSolutionNode = FALSE
	EndGlobalSection
	GlobalSection(NestedProjects) = preSolution
		{0EB44E9E-2674-4C0E-AE3F-E9071F45A765} = {F600B640-9579-4841-B620-79E84C1CF0A8}
		{CC917E10-0068-4E91-8D3D-76CB446F7E43} = {F600B640-9579-4841-B620-79E84C1CF0A8}
		{A126ABBC-9199-4096-9714-4A1BEF84EE89} = {F600B640-9579-4841-B620-79E84C1CF0A8}
		{CC917E10-0068-4E91-8D3D-3276846F7E43} = {F600B640-9579-4841-B620-79E84C1CF0A8}
		{8B7E0D2F-6CA0-4E5E-BF52-1E4BDB132BBC} = {F600B640-9579-4841-B620-79E84C1CF0A8}
		{93838A7A-1024-2048-BB75-E9B25471E4AF} = {F600B640-9579-4841-B620-79E84C1CF0A8}
		{42B68543-B384-4C5D-A933-1E349677FA48} = {F600B640-9579-4841-B620-79E84C1CF0A8}
		{4EA8493D-D7B5-41E1-86C8-F253637820E8} = {F600B640-9579-4841-B620-79E84C1CF0A8}
		{4EA8493D-D7B5-41E1-0064-F253637820E8} = {F600B640-9579-4841-B620-79E84C1CF0A8}
		{24200A95-ABD9-4301-B54B-3A94FC9AD509} = {7F904B72-73C6-45DC-8798-78419020C251}
		{8E2605A9-54DF-4E63-ABA8-27D5C03DAC09} = {7F904B72-73C6-45DC-8798-78419020C251}
		{B2C3433E-931E-4D52-848E-A178B16E954C} = {7F904B72-73C6-45DC-8798-78419020C251}
		{D1102D1E-7ACE-4A81-96B8-36DA12310001} = {7F904B72-73C6-45DC-8798-78419020C251}
		{C0A44000-B786-43FE-B14F-AB411403B499} = {7F904B72-73C6-45DC-8798-78419020C251}
		{FB140878-E3E6-41A9-B4F5-7AEF4D624E85} = {7F904B72-73C6-45DC-8798-78419020C251}
		{5E958A69-637E-4807-8DCE-5DDA6B254AFE} = {7F904B72-73C6-45DC-8798-78419020C251}
		{442A1739-BCE0-4B51-A615-B75CF3BBC841} = {7F904B72-73C6-45DC-8798-78419020C251}
		{7B8CB73A-D762-44F4-B0AA-95840A29A019} = {7F904B72-73C6-45DC-8798-78419020C251}
		{E1BC4727-C201-44D4-9B73-78D20BD55D5C} = {7F904B72-73C6-45DC-8798-78419020C251}
		{ED903BAB-1812-4ED8-A85B-A2A2EB83CB2D} = {27AAF502-F065-4AAD-B893-4B77E3E10AE9}
		{ACF26B97-45CF-4D0C-9C6A-7CAFB740C563} = {27AAF502-F065-4AAD-B893-4B77E3E10AE9}
		{7CA121E2-DA8A-4318-92FA-14101826F04C} = {27AAF502-F065-4AAD-B893-4B77E3E10AE9}
	EndGlobalSection
EndGlobal
